
Microsoft Visual Studio Solution File, Format Version 12.00
# Visual Studio Version 17
VisualStudioVersion = 17.9.34728.123
MinimumVisualStudioVersion = 10.0.40219.1
Project("{9A19103F-16F7-4668-BE54-9A1E7A4F7556}") = "BikeRentalApp.Api", "BikeRentalApp.Api\BikeRentalApp.Api.csproj", "{544EC97D-8D07-44C4-9819-D282FB6286A4}"
EndProject
Project("{9A19103F-16F7-4668-BE54-9A1E7A4F7556}") = "BikeRentalApp.Application", "BikeRentalApp.Application\BikeRentalApp.Application.csproj", "{0FEE1041-4C34-4189-9F3E-07041BA17A73}"
EndProject
Project("{9A19103F-16F7-4668-BE54-9A1E7A4F7556}") = "BikeRentalApp.Domain", "BikeRentalApp.Domain\BikeRentalApp.Domain.csproj", "{9DDD31AA-A5A5-424B-BDB4-B73A58F4397A}"
EndProject
Project("{9A19103F-16F7-4668-BE54-9A1E7A4F7556}") = "BikeRentalApp.Infrastructure", "BikeRentalApp.Infrastructure\BikeRentalApp.Infrastructure.csproj", "{D750F783-B326-4B5D-97DC-5A698DCA5611}"
EndProject
Global
	GlobalSection(SolutionConfigurationPlatforms) = preSolution
		Debug|Any CPU = Debug|Any CPU
		Release|Any CPU = Release|Any CPU
	EndGlobalSection
	GlobalSection(ProjectConfigurationPlatforms) = postSolution
		{544EC97D-8D07-44C4-9819-D282FB6286A4}.Debug|Any CPU.ActiveCfg = Debug|Any CPU
		{544EC97D-8D07-44C4-9819-D282FB6286A4}.Debug|Any CPU.Build.0 = Debug|Any CPU
		{544EC97D-8D07-44C4-9819-D282FB6286A4}.Release|Any CPU.ActiveCfg = Release|Any CPU
		{544EC97D-8D07-44C4-9819-D282FB6286A4}.Release|Any CPU.Build.0 = Release|Any CPU
		{0FEE1041-4C34-4189-9F3E-07041BA17A73}.Debug|Any CPU.ActiveCfg = Debug|Any CPU
		{0FEE1041-4C34-4189-9F3E-07041BA17A73}.Debug|Any CPU.Build.0 = Debug|Any CPU
		{0FEE1041-4C34-4189-9F3E-07041BA17A73}.Release|Any CPU.ActiveCfg = Release|Any CPU
		{0FEE1041-4C34-4189-9F3E-07041BA17A73}.Release|Any CPU.Build.0 = Release|Any CPU
		{9DDD31AA-A5A5-424B-BDB4-B73A58F4397A}.Debug|Any CPU.ActiveCfg = Debug|Any CPU
		{9DDD31AA-A5A5-424B-BDB4-B73A58F4397A}.Debug|Any CPU.Build.0 = Debug|Any CPU
		{9DDD31AA-A5A5-424B-BDB4-B73A58F4397A}.Release|Any CPU.ActiveCfg = Release|Any CPU
		{9DDD31AA-A5A5-424B-BDB4-B73A58F4397A}.Release|Any CPU.Build.0 = Release|Any CPU
		{D750F783-B326-4B5D-97DC-5A698DCA5611}.Debug|Any CPU.ActiveCfg = Debug|Any CPU
		{D750F783-B326-4B5D-97DC-5A698DCA5611}.Debug|Any CPU.Build.0 = Debug|Any CPU
		{D750F783-B326-4B5D-97DC-5A698DCA5611}.Release|Any CPU.ActiveCfg = Release|Any CPU
		{D750F783-B326-4B5D-97DC-5A698DCA5611}.Release|Any CPU.Build.0 = Release|Any CPU
	EndGlobalSection
	GlobalSection(SolutionProperties) = preSolution
		HideSolutionNode = FALSE
	EndGlobalSection
	GlobalSection(ExtensibilityGlobals) = postSolution
		SolutionGuid = {21B09982-7B5D-45C7-986A-5E548F550148}
	EndGlobalSection
EndGlobal
